
Microsoft Visual Studio Solution File, Format Version 12.00
# Visual Studio Version 17
VisualStudioVersion = 17.9.34728.123
MinimumVisualStudioVersion = 10.0.40219.1
Project("{FAE04EC0-301F-11D3-BF4B-00C04F79EFBC}") = "Pi", "Pi.csproj", "{560FEA17-7495-479F-BD51-9E025D80F0BF}"
EndProject
Global
	GlobalSection(SolutionConfigurationPlatforms) = preSolution
		Debug|Any CPU = Debug|Any CPU
		Release|Any CPU = Release|Any CPU
	EndGlobalSection
	GlobalSection(ProjectConfigurationPlatforms) = postSolution
		{560FEA17-7495-479F-BD51-9E025D80F0BF}.Debug|Any CPU.ActiveCfg = Debug|Any CPU
		{560FEA17-7495-479F-BD51-9E025D80F0BF}.Debug|Any CPU.Build.0 = Debug|Any CPU
		{560FEA17-7495-479F-BD51-9E025D80F0BF}.Release|Any CPU.ActiveCfg = Release|Any CPU
		{560FEA17-7495-479F-BD51-9E025D80F0BF}.Release|Any CPU.Build.0 = Release|Any CPU
	EndGlobalSection
	GlobalSection(SolutionProperties) = preSolution
		HideSolutionNode = FALSE
	EndGlobalSection
	GlobalSection(ExtensibilityGlobals) = postSolution
		SolutionGuid = {30ED9786-A4B5-4D1D-AB71-DF1885092043}
	EndGlobalSection
EndGlobal
